<?xml version="1.0" encoding="utf-8"?>
<Project ToolsVersion="4.0" xmlns="http://schemas.microsoft.com/developer/msbuild/2003">
  <ItemGroup>
    <Filter Include="ソース ファイル">
      <UniqueIdentifier>{4FC737F1-C7A5-4376-A066-2A32D752A2FF}</UniqueIdentifier>
      <Extensions>cpp;c;cc;cxx;def;odl;idl;hpj;bat;asm;asmx</Extensions>
    </Filter>
    <Filter Include="リソース ファイル">
      <UniqueIdentifier>{67DA6AB6-F800-4c08-8B7A-83BB121AAD01}</UniqueIdentifier>
      <Extensions>rc;ico;cur;bmp;dlg;rc2;rct;bin;rgs;gif;jpg;jpeg;jpe;resx;tiff;tif;png;wav;mfcribbon-ms</Extensions>
    </Filter>
    <Filter Include="ソース ファイル\Actor">
      <UniqueIdentifier>{7b9613c0-5548-42d2-9ee3-98b8ebc5aed3}</UniqueIdentifier>
    </Filter>
    <Filter Include="ソース ファイル\Scene">
      <UniqueIdentifier>{a622a525-50e2-4a77-9179-477de2c447fb}</UniqueIdentifier>
    </Filter>
    <Filter Include="ソース ファイル\System">
      <UniqueIdentifier>{bd5dfc6d-9781-49b1-b314-af8714352f92}</UniqueIdentifier>
    </Filter>
    <Filter Include="ソース ファイル\System\Input">
      <UniqueIdentifier>{6d613e3c-ec72-4000-b1a5-f0ceb060860b}</UniqueIdentifier>
    </Filter>
    <Filter Include="ソース ファイル\System\Manager">
      <UniqueIdentifier>{6b395189-66f4-42c9-8a04-1666cd02a751}</UniqueIdentifier>
    </Filter>
    <Filter Include="ソース ファイル\System\Sound">
      <UniqueIdentifier>{ce46bc4a-5520-42b5-af6b-a86d297a444b}</UniqueIdentifier>
    </Filter>
    <Filter Include="ソース ファイル\UI">
      <UniqueIdentifier>{7389ed9a-ab2e-4db2-8f4c-0afafdb10f47}</UniqueIdentifier>
    </Filter>
    <Filter Include="ソース ファイル\UI\Button">
      <UniqueIdentifier>{150b6293-5c74-4f52-b6d4-0f0aaedd2484}</UniqueIdentifier>
    </Filter>
    <Filter Include="ソース ファイル\UI\WordMenu">
      <UniqueIdentifier>{c6244d99-b959-48a5-9d15-23b284da9450}</UniqueIdentifier>
    </Filter>
    <Filter Include="ソース ファイル\Actor\Character">
      <UniqueIdentifier>{a8fd700d-2db0-4abc-bd3e-1ca77798d838}</UniqueIdentifier>
    </Filter>
    <Filter Include="ソース ファイル\Actor\Staff">
      <UniqueIdentifier>{69beaa8f-7ad9-461c-835c-b11334c46871}</UniqueIdentifier>
    </Filter>
    <Filter Include="ソース ファイル\Actor\Object">
      <UniqueIdentifier>{82f89c94-7aea-4814-8543-da9a2d11428f}</UniqueIdentifier>
    </Filter>
    <Filter Include="ソース ファイル\Parts">
      <UniqueIdentifier>{4ac2e438-95ec-4d96-aee4-d19eba3ce953}</UniqueIdentifier>
    </Filter>
    <Filter Include="ソース ファイル\System\Parameter">
      <UniqueIdentifier>{0f44c79e-0f0b-4245-9571-edbc73b2f7ce}</UniqueIdentifier>
    </Filter>
    <Filter Include="ソース ファイル\System\Collision">
      <UniqueIdentifier>{13c74ef5-8644-4472-98e9-bbe5d48e766d}</UniqueIdentifier>
    </Filter>
    <Filter Include="ソース ファイル\Parts\2D">
      <UniqueIdentifier>{ab190310-7b15-4c47-b6ba-e91554688f2c}</UniqueIdentifier>
    </Filter>
    <Filter Include="ソース ファイル\Parts\3D">
      <UniqueIdentifier>{e9794838-385c-4301-a8c6-db5af0172d7f}</UniqueIdentifier>
    </Filter>
    <Filter Include="ソース ファイル\System\Factory">
      <UniqueIdentifier>{ac04728f-8076-4be5-b47e-986140a33148}</UniqueIdentifier>
    </Filter>
    <Filter Include="ソース ファイル\Actor\Gimmick">
      <UniqueIdentifier>{35c43f22-f8d5-4be5-9b51-9cfdb7b4e7f9}</UniqueIdentifier>
    </Filter>
    <Filter Include="ソース ファイル\Actor\Skill">
      <UniqueIdentifier>{143a0185-73e7-4fc6-bac6-c1b95f5cc2fe}</UniqueIdentifier>
    </Filter>
  </ItemGroup>
  <ItemGroup>
    <ClCompile Include="Main.cpp">
      <Filter>ソース ファイル</Filter>
    </ClCompile>
    <ClCompile Include="GameOver.cpp">
      <Filter>ソース ファイル\Scene</Filter>
    </ClCompile>
    <ClCompile Include="GameScene.cpp">
      <Filter>ソース ファイル\Scene</Filter>
    </ClCompile>
    <ClCompile Include="GamePad.cpp">
      <Filter>ソース ファイル\System\Input</Filter>
    </ClCompile>
    <ClCompile Include="InputManager.cpp">
      <Filter>ソース ファイル\System\Manager</Filter>
    </ClCompile>
    <ClCompile Include="Keyboard.cpp">
      <Filter>ソース ファイル\System\Input</Filter>
    </ClCompile>
    <ClCompile Include="Mouse.cpp">
      <Filter>ソース ファイル\System\Input</Filter>
    </ClCompile>
    <ClCompile Include="SceneManager.cpp">
      <Filter>ソース ファイル\System\Manager</Filter>
    </ClCompile>
    <ClCompile Include="SoundManager.cpp">
      <Filter>ソース ファイル\System\Manager</Filter>
    </ClCompile>
    <ClCompile Include="WavController.cpp">
      <Filter>ソース ファイル\System\Sound</Filter>
    </ClCompile>
    <ClCompile Include="Title.cpp">
      <Filter>ソース ファイル\Scene</Filter>
    </ClCompile>
    <ClCompile Include="TrainingScene.cpp">
      <Filter>ソース ファイル\Scene</Filter>
    </ClCompile>
    <ClCompile Include="TextureManager.cpp">
      <Filter>ソース ファイル\System\Manager</Filter>
    </ClCompile>
    <ClCompile Include="WordManager.cpp">
      <Filter>ソース ファイル\System\Manager</Filter>
    </ClCompile>
    <ClCompile Include="SelectScene.cpp">
      <Filter>ソース ファイル\Scene</Filter>
    </ClCompile>
    <ClCompile Include="ModelManager.cpp">
      <Filter>ソース ファイル\System\Manager</Filter>
    </ClCompile>
    <ClCompile Include="Button.cpp">
      <Filter>ソース ファイル\UI\Button</Filter>
    </ClCompile>
    <ClCompile Include="StartButton.cpp">
      <Filter>ソース ファイル\UI\Button</Filter>
    </ClCompile>
    <ClCompile Include="TrainingButton.cpp">
      <Filter>ソース ファイル\UI\Button</Filter>
    </ClCompile>
    <ClCompile Include="SelectMarker.cpp">
      <Filter>ソース ファイル\UI\WordMenu</Filter>
    </ClCompile>
    <ClCompile Include="WordList.cpp">
      <Filter>ソース ファイル\UI\WordMenu</Filter>
    </ClCompile>
    <ClCompile Include="WordMenu.cpp">
      <Filter>ソース ファイル\UI\WordMenu</Filter>
    </ClCompile>
    <ClCompile Include="WordPlate.cpp">
      <Filter>ソース ファイル\UI\WordMenu</Filter>
    </ClCompile>
    <ClCompile Include="Fairy.cpp">
      <Filter>ソース ファイル\Actor\Character</Filter>
    </ClCompile>
    <ClCompile Include="Player.cpp">
      <Filter>ソース ファイル\Actor\Character</Filter>
    </ClCompile>
    <ClCompile Include="DirectionalLight.cpp">
      <Filter>ソース ファイル\Actor\Staff</Filter>
    </ClCompile>
    <ClCompile Include="FlexibleCamera.cpp">
      <Filter>ソース ファイル\Actor\Staff</Filter>
    </ClCompile>
    <ClCompile Include="SideViewCamera.cpp">
      <Filter>ソース ファイル\Actor\Staff</Filter>
    </ClCompile>
    <ClCompile Include="Canvas.cpp">
      <Filter>ソース ファイル\Actor\Staff</Filter>
    </ClCompile>
    <ClCompile Include="BackGround.cpp">
      <Filter>ソース ファイル\Actor\Object</Filter>
    </ClCompile>
    <ClCompile Include="Field.cpp">
      <Filter>ソース ファイル\Actor\Object</Filter>
    </ClCompile>
    <ClCompile Include="ItemBox.cpp">
      <Filter>ソース ファイル\UI\WordMenu</Filter>
    </ClCompile>
    <ClCompile Include="ActorManager.cpp">
      <Filter>ソース ファイル\System\Manager</Filter>
    </ClCompile>
    <ClCompile Include="CollisionManager.cpp">
      <Filter>ソース ファイル\System\Manager</Filter>
    </ClCompile>
    <ClCompile Include="Collision.cpp">
      <Filter>ソース ファイル\System\Collision</Filter>
    </ClCompile>
    <ClCompile Include="Sphere.cpp">
      <Filter>ソース ファイル\System\Collision</Filter>
    </ClCompile>
    <ClCompile Include="OBB.cpp">
      <Filter>ソース ファイル\System\Collision</Filter>
    </ClCompile>
    <ClCompile Include="AnimationSprite.cpp">
      <Filter>ソース ファイル\Parts\2D</Filter>
    </ClCompile>
    <ClCompile Include="Sprite.cpp">
      <Filter>ソース ファイル\Parts\2D</Filter>
    </ClCompile>
    <ClCompile Include="Debug.cpp">
      <Filter>ソース ファイル\Parts\2D</Filter>
    </ClCompile>
    <ClCompile Include="AnimationModelHierarchy.cpp">
      <Filter>ソース ファイル\Parts\3D</Filter>
    </ClCompile>
    <ClCompile Include="AnimationModel.cpp">
      <Filter>ソース ファイル\Parts\3D</Filter>
    </ClCompile>
    <ClCompile Include="Element.cpp">
      <Filter>ソース ファイル\Actor\Object</Filter>
    </ClCompile>
    <ClCompile Include="CharacterFactory.cpp">
      <Filter>ソース ファイル\System\Factory</Filter>
    </ClCompile>
    <ClCompile Include="GimmickFactory.cpp">
      <Filter>ソース ファイル\System\Factory</Filter>
    </ClCompile>
    <ClCompile Include="SkillFactory.cpp">
      <Filter>ソース ファイル\System\Factory</Filter>
    </ClCompile>
    <ClCompile Include="FireGimmick.cpp">
      <Filter>ソース ファイル\Actor\Gimmick</Filter>
    </ClCompile>
    <ClCompile Include="IceGimmick.cpp">
      <Filter>ソース ファイル\Actor\Gimmick</Filter>
    </ClCompile>
    <ClCompile Include="WoodGimmick.cpp">
      <Filter>ソース ファイル\Actor\Gimmick</Filter>
    </ClCompile>
    <ClCompile Include="BatteryGimmick.cpp">
      <Filter>ソース ファイル\Actor\Gimmick</Filter>
    </ClCompile>
    <ClCompile Include="ObjectFactory.cpp">
      <Filter>ソース ファイル\System\Factory</Filter>
    </ClCompile>
    <ClCompile Include="Grenade.cpp">
      <Filter>ソース ファイル\Actor\Skill</Filter>
    </ClCompile>
    <ClCompile Include="Trap.cpp">
      <Filter>ソース ファイル\Actor\Skill</Filter>
    </ClCompile>
    <ClCompile Include="Bullet.cpp">
      <Filter>ソース ファイル\Actor\Skill</Filter>
    </ClCompile>
    <ClCompile Include="Wall.cpp">
      <Filter>ソース ファイル\Actor\Skill</Filter>
    </ClCompile>
  </ItemGroup>
  <ItemGroup>
    <ClInclude Include="Main.h">
      <Filter>ソース ファイル</Filter>
    </ClInclude>
    <ClInclude Include="BaseScene.h">
      <Filter>ソース ファイル\Scene</Filter>
    </ClInclude>
    <ClInclude Include="GameScene.h">
      <Filter>ソース ファイル\Scene</Filter>
    </ClInclude>
    <ClInclude Include="GameOver.h">
      <Filter>ソース ファイル\Scene</Filter>
    </ClInclude>
    <ClInclude Include="GamePad.h">
      <Filter>ソース ファイル\System\Input</Filter>
    </ClInclude>
    <ClInclude Include="InputManager.h">
      <Filter>ソース ファイル\System\Manager</Filter>
    </ClInclude>
    <ClInclude Include="Keyboard.h">
      <Filter>ソース ファイル\System\Input</Filter>
    </ClInclude>
    <ClInclude Include="Mouse.h">
      <Filter>ソース ファイル\System\Input</Filter>
    </ClInclude>
    <ClInclude Include="SceneManager.h">
      <Filter>ソース ファイル\System\Manager</Filter>
    </ClInclude>
    <ClInclude Include="SoundManager.h">
      <Filter>ソース ファイル\System\Manager</Filter>
    </ClInclude>
    <ClInclude Include="WavController.h">
      <Filter>ソース ファイル\System\Sound</Filter>
    </ClInclude>
    <ClInclude Include="Title.h">
      <Filter>ソース ファイル\Scene</Filter>
    </ClInclude>
    <ClInclude Include="Resource.h">
      <Filter>リソース ファイル</Filter>
    </ClInclude>
    <ClInclude Include="TrainingScene.h">
      <Filter>ソース ファイル\Scene</Filter>
    </ClInclude>
    <ClInclude Include="TextureManager.h">
      <Filter>ソース ファイル\System\Manager</Filter>
    </ClInclude>
    <ClInclude Include="WordManager.h">
      <Filter>ソース ファイル\System\Manager</Filter>
    </ClInclude>
    <ClInclude Include="SelectScene.h">
      <Filter>ソース ファイル\Scene</Filter>
    </ClInclude>
    <ClInclude Include="ModelManager.h">
      <Filter>ソース ファイル\System\Manager</Filter>
    </ClInclude>
    <ClInclude Include="FileParameter.h">
      <Filter>ソース ファイル\System\Parameter</Filter>
    </ClInclude>
    <ClInclude Include="Button.h">
      <Filter>ソース ファイル\UI\Button</Filter>
    </ClInclude>
    <ClInclude Include="StartButton.h">
      <Filter>ソース ファイル\UI\Button</Filter>
    </ClInclude>
    <ClInclude Include="TrainingButton.h">
      <Filter>ソース ファイル\UI\Button</Filter>
    </ClInclude>
    <ClInclude Include="SelectMarker.h">
      <Filter>ソース ファイル\UI\WordMenu</Filter>
    </ClInclude>
    <ClInclude Include="WordList.h">
      <Filter>ソース ファイル\UI\WordMenu</Filter>
    </ClInclude>
    <ClInclude Include="WordMenu.h">
      <Filter>ソース ファイル\UI\WordMenu</Filter>
    </ClInclude>
    <ClInclude Include="WordPlate.h">
      <Filter>ソース ファイル\UI\WordMenu</Filter>
    </ClInclude>
    <ClInclude Include="Fairy.h">
      <Filter>ソース ファイル\Actor\Character</Filter>
    </ClInclude>
    <ClInclude Include="DirectionalLight.h">
      <Filter>ソース ファイル\Actor\Staff</Filter>
    </ClInclude>
    <ClInclude Include="FlexibleCamera.h">
      <Filter>ソース ファイル\Actor\Staff</Filter>
    </ClInclude>
    <ClInclude Include="SideViewCamera.h">
      <Filter>ソース ファイル\Actor\Staff</Filter>
    </ClInclude>
    <ClInclude Include="Canvas.h">
      <Filter>ソース ファイル\Actor\Staff</Filter>
    </ClInclude>
    <ClInclude Include="BackGround.h">
      <Filter>ソース ファイル\Actor\Object</Filter>
    </ClInclude>
    <ClInclude Include="Field.h">
      <Filter>ソース ファイル\Actor\Object</Filter>
    </ClInclude>
    <ClInclude Include="SoundParameter.h">
      <Filter>ソース ファイル\System\Parameter</Filter>
    </ClInclude>
    <ClInclude Include="ItemBox.h">
      <Filter>ソース ファイル\UI\WordMenu</Filter>
    </ClInclude>
    <ClInclude Include="ActorManager.h">
      <Filter>ソース ファイル\System\Manager</Filter>
    </ClInclude>
    <ClInclude Include="Player.h">
      <Filter>ソース ファイル\Actor\Character</Filter>
    </ClInclude>
    <ClInclude Include="CollisionManager.h">
      <Filter>ソース ファイル\System\Manager</Filter>
    </ClInclude>
    <ClInclude Include="OBB.h">
      <Filter>ソース ファイル\System\Collision</Filter>
    </ClInclude>
    <ClInclude Include="Sphere.h">
      <Filter>ソース ファイル\System\Collision</Filter>
    </ClInclude>
    <ClInclude Include="Collision.h">
      <Filter>ソース ファイル\System\Collision</Filter>
    </ClInclude>
    <ClInclude Include="AnimationSprite.h">
      <Filter>ソース ファイル\Parts\2D</Filter>
    </ClInclude>
    <ClInclude Include="Sprite.h">
      <Filter>ソース ファイル\Parts\2D</Filter>
    </ClInclude>
    <ClInclude Include="GameObject.h">
      <Filter>ソース ファイル\Parts\3D</Filter>
    </ClInclude>
    <ClInclude Include="Model.h">
      <Filter>ソース ファイル\Parts\3D</Filter>
    </ClInclude>
    <ClInclude Include="Debug.h">
      <Filter>ソース ファイル\Parts\2D</Filter>
    </ClInclude>
    <ClInclude Include="AnimationModel.h">
      <Filter>ソース ファイル\Parts\3D</Filter>
    </ClInclude>
    <ClInclude Include="AnimationModelHierarchy.h">
      <Filter>ソース ファイル\Parts\3D</Filter>
    </ClInclude>
    <ClInclude Include="AnimationModelFrame.h">
      <Filter>ソース ファイル\Parts\3D</Filter>
    </ClInclude>
    <ClInclude Include="AnimationModelContainer.h">
      <Filter>ソース ファイル\Parts\3D</Filter>
    </ClInclude>
    <ClInclude Include="Element.h">
      <Filter>ソース ファイル\Actor\Object</Filter>
    </ClInclude>
    <ClInclude Include="CharacterFactory.h">
      <Filter>ソース ファイル\System\Factory</Filter>
    </ClInclude>
    <ClInclude Include="GimmickFactory.h">
      <Filter>ソース ファイル\System\Factory</Filter>
    </ClInclude>
    <ClInclude Include="SkillFactory.h">
      <Filter>ソース ファイル\System\Factory</Filter>
    </ClInclude>
    <ClInclude Include="FireGimmick.h">
      <Filter>ソース ファイル\Actor\Gimmick</Filter>
    </ClInclude>
    <ClInclude Include="IceGimmick.h">
      <Filter>ソース ファイル\Actor\Gimmick</Filter>
    </ClInclude>
    <ClInclude Include="WoodGimmick.h">
      <Filter>ソース ファイル\Actor\Gimmick</Filter>
    </ClInclude>
    <ClInclude Include="BatteryGimmick.h">
      <Filter>ソース ファイル\Actor\Gimmick</Filter>
    </ClInclude>
    <ClInclude Include="ObjectFactory.h">
      <Filter>ソース ファイル\System\Factory</Filter>
    </ClInclude>
    <ClInclude Include="Grenade.h">
      <Filter>ソース ファイル\Actor\Skill</Filter>
    </ClInclude>
    <ClInclude Include="Trap.h">
      <Filter>ソース ファイル\Actor\Skill</Filter>
    </ClInclude>
    <ClInclude Include="Bullet.h">
      <Filter>ソース ファイル\Actor\Skill</Filter>
    </ClInclude>
    <ClInclude Include="Wall.h">
      <Filter>ソース ファイル\Actor\Skill</Filter>
    </ClInclude>
  </ItemGroup>
  <ItemGroup>
    <None Include="FairyAndI.APS">
      <Filter>リソース ファイル</Filter>
    </None>
  </ItemGroup>
  <ItemGroup>
    <ResourceCompile Include="FairyAndI.rc">
      <Filter>リソース ファイル</Filter>
    </ResourceCompile>
  </ItemGroup>
</Project>