<?xml version="1.0" encoding="utf-8"?>
<Project ToolsVersion="4.0" xmlns="http://schemas.microsoft.com/developer/msbuild/2003">
  <ItemGroup>
    <ClCompile Include="Main.cpp" />
    <ClCompile Include="ActorManager.cpp">
      <Filter>ソースコード\System\Manager</Filter>
    </ClCompile>
    <ClCompile Include="AnimationModel.cpp">
      <Filter>ソースコード\Parts\3D</Filter>
    </ClCompile>
    <ClCompile Include="AnimationModelHierarchy.cpp">
      <Filter>ソースコード\Parts\3D</Filter>
    </ClCompile>
    <ClCompile Include="AnimationSprite.cpp">
      <Filter>ソースコード\Parts\2D</Filter>
    </ClCompile>
    <ClCompile Include="BatteryCannon.cpp">
      <Filter>ソースコード\Actor\Gimmick</Filter>
    </ClCompile>
    <ClCompile Include="BatteryGimmick.cpp">
      <Filter>ソースコード\Actor\Gimmick</Filter>
    </ClCompile>
    <ClCompile Include="Billboard.cpp">
      <Filter>ソースコード\Parts\3D</Filter>
    </ClCompile>
    <ClCompile Include="BackGround.cpp">
      <Filter>ソースコード\Actor\Object\2D</Filter>
    </ClCompile>
    <ClCompile Include="BackImage.cpp">
      <Filter>ソースコード\Actor\Object\2D</Filter>
    </ClCompile>
    <ClCompile Include="Button.cpp">
      <Filter>ソースコード\UI\Button</Filter>
    </ClCompile>
    <ClCompile Include="Canvas.cpp">
      <Filter>ソースコード\UI</Filter>
    </ClCompile>
    <ClCompile Include="CharacterFactory.cpp">
      <Filter>ソースコード\System\Factory</Filter>
    </ClCompile>
    <ClCompile Include="Collision.cpp">
      <Filter>ソースコード\System\Collision</Filter>
    </ClCompile>
    <ClCompile Include="CollisionManager.cpp">
      <Filter>ソースコード\System\Manager</Filter>
    </ClCompile>
    <ClCompile Include="DirectionalLight.cpp">
      <Filter>ソースコード\Actor\Staff</Filter>
    </ClCompile>
    <ClCompile Include="Element.cpp">
      <Filter>ソースコード\Actor\Object\3D</Filter>
    </ClCompile>
    <ClCompile Include="Fade.cpp">
      <Filter>ソースコード\Actor\Object\2D</Filter>
    </ClCompile>
    <ClCompile Include="Enemy.cpp">
      <Filter>ソースコード\Actor\Character\EnemySide</Filter>
    </ClCompile>
    <ClCompile Include="Fairy.cpp">
      <Filter>ソースコード\Actor\Character\PlayerSide</Filter>
    </ClCompile>
    <ClCompile Include="Field.cpp">
      <Filter>ソースコード\Actor\Object\3D</Filter>
    </ClCompile>
    <ClCompile Include="IceGimmick.cpp">
      <Filter>ソースコード\Actor\Gimmick</Filter>
    </ClCompile>
    <ClCompile Include="FireGimmick.cpp">
      <Filter>ソースコード\Actor\Gimmick</Filter>
    </ClCompile>
    <ClCompile Include="FlexibleCamera.cpp">
      <Filter>ソースコード\Actor\Staff</Filter>
    </ClCompile>
    <ClCompile Include="GameClear.cpp">
      <Filter>ソースコード\Scene</Filter>
    </ClCompile>
    <ClCompile Include="GameOver.cpp">
      <Filter>ソースコード\Scene</Filter>
    </ClCompile>
    <ClCompile Include="GameScene.cpp">
      <Filter>ソースコード\Scene</Filter>
    </ClCompile>
    <ClCompile Include="GamePad.cpp">
      <Filter>ソースコード\System\Input</Filter>
    </ClCompile>
    <ClCompile Include="GimmickFactory.cpp">
      <Filter>ソースコード\System\Factory</Filter>
    </ClCompile>
    <ClCompile Include="Goal.cpp">
      <Filter>ソースコード\Actor\Object\3D</Filter>
    </ClCompile>
    <ClCompile Include="Ground.cpp">
      <Filter>ソースコード\Actor\Object\3D</Filter>
    </ClCompile>
    <ClCompile Include="Bullet.cpp">
      <Filter>ソースコード\Actor\Skill</Filter>
    </ClCompile>
    <ClCompile Include="Grenade.cpp">
      <Filter>ソースコード\Actor\Skill</Filter>
    </ClCompile>
    <ClCompile Include="Heart.cpp">
      <Filter>ソースコード\UI\Icon</Filter>
    </ClCompile>
    <ClCompile Include="InputManager.cpp">
      <Filter>ソースコード\System\Manager</Filter>
    </ClCompile>
    <ClCompile Include="Keyboard.cpp">
      <Filter>ソースコード\System\Input</Filter>
    </ClCompile>
    <ClCompile Include="Mouse.cpp">
      <Filter>ソースコード\System\Input</Filter>
    </ClCompile>
    <ClCompile Include="ModelManager.cpp">
      <Filter>ソースコード\System\Manager</Filter>
    </ClCompile>
    <ClCompile Include="OBB.cpp">
      <Filter>ソースコード\System\Collision</Filter>
    </ClCompile>
    <ClCompile Include="ObjectFactory.cpp">
      <Filter>ソースコード\System\Factory</Filter>
    </ClCompile>
    <ClCompile Include="SceneManager.cpp">
      <Filter>ソースコード\System\Manager</Filter>
    </ClCompile>
    <ClCompile Include="SoundManager.cpp">
      <Filter>ソースコード\System\Manager</Filter>
    </ClCompile>
    <ClCompile Include="Player.cpp">
      <Filter>ソースコード\Actor\Character\PlayerSide</Filter>
    </ClCompile>
    <ClCompile Include="Sphere.cpp">
      <Filter>ソースコード\System\Collision</Filter>
    </ClCompile>
    <ClCompile Include="TrainingScene.cpp">
      <Filter>ソースコード\Scene</Filter>
    </ClCompile>
    <ClCompile Include="Title.cpp">
      <Filter>ソースコード\Scene</Filter>
    </ClCompile>
    <ClCompile Include="TextureManager.cpp">
      <Filter>ソースコード\System\Manager</Filter>
    </ClCompile>
    <ClCompile Include="WordManager.cpp">
      <Filter>ソースコード\System\Manager</Filter>
    </ClCompile>
    <ClCompile Include="SkillFactory.cpp">
      <Filter>ソースコード\System\Factory</Filter>
    </ClCompile>
    <ClCompile Include="WordMenu.cpp">
      <Filter>ソースコード\UI\Menu</Filter>
    </ClCompile>
    <ClCompile Include="SelectMarker.cpp">
      <Filter>ソースコード\UI\Icon</Filter>
    </ClCompile>
    <ClCompile Include="SelectScene.cpp">
      <Filter>ソースコード\Scene</Filter>
    </ClCompile>
    <ClCompile Include="SideViewCamera.cpp">
      <Filter>ソースコード\Actor\Staff</Filter>
    </ClCompile>
    <ClCompile Include="SkillBox.cpp">
      <Filter>ソースコード\UI\Icon</Filter>
    </ClCompile>
    <ClCompile Include="Sprite.cpp">
      <Filter>ソースコード\Parts\2D</Filter>
    </ClCompile>
    <ClCompile Include="SquareGauge.cpp">
      <Filter>ソースコード\UI\Gauge</Filter>
    </ClCompile>
    <ClCompile Include="StartButton.cpp">
      <Filter>ソースコード\UI\Button</Filter>
    </ClCompile>
    <ClCompile Include="Timer.cpp">
      <Filter>ソースコード\UI\Gauge</Filter>
    </ClCompile>
    <ClCompile Include="WavController.cpp">
      <Filter>ソースコード\System\Sound</Filter>
    </ClCompile>
    <ClCompile Include="TrainingButton.cpp">
      <Filter>ソースコード\UI\Button</Filter>
    </ClCompile>
    <ClCompile Include="WordPlate.cpp">
      <Filter>ソースコード\UI\Icon</Filter>
    </ClCompile>
    <ClCompile Include="WoodGimmick.cpp">
      <Filter>ソースコード\Actor\Gimmick</Filter>
    </ClCompile>
    <ClCompile Include="Trap.cpp">
      <Filter>ソースコード\Actor\Skill</Filter>
    </ClCompile>
    <ClCompile Include="Wall.cpp">
      <Filter>ソースコード\Actor\Skill</Filter>
    </ClCompile>
    <ClCompile Include="WordList.cpp">
      <Filter>ソースコード\UI\Menu</Filter>
    </ClCompile>
    <ClCompile Include="Model.cpp">
      <Filter>ソースコード\Parts\3D</Filter>
    </ClCompile>
    <ClCompile Include="ShaderManager.cpp">
      <Filter>ソースコード\System\Manager</Filter>
    </ClCompile>
    <ClCompile Include="Shader.cpp">
      <Filter>ソースコード\System\Shader</Filter>
    </ClCompile>
    <ClCompile Include="StageButton.cpp">
      <Filter>ソースコード\UI\Button</Filter>
    </ClCompile>
  </ItemGroup>
  <ItemGroup>
    <ClInclude Include="Main.h" />
    <ClInclude Include="ActorManager.h">
      <Filter>ソースコード\System\Manager</Filter>
    </ClInclude>
    <ClInclude Include="AnimationModel.h">
      <Filter>ソースコード\Parts\3D</Filter>
    </ClInclude>
    <ClInclude Include="AnimationModelHierarchy.h">
      <Filter>ソースコード\Parts\3D</Filter>
    </ClInclude>
    <ClInclude Include="AnimationModelFrame.h">
      <Filter>ソースコード\Parts\3D</Filter>
    </ClInclude>
    <ClInclude Include="AnimationModelContainer.h">
      <Filter>ソースコード\Parts\3D</Filter>
    </ClInclude>
    <ClInclude Include="AnimationSprite.h">
      <Filter>ソースコード\Parts\2D</Filter>
    </ClInclude>
    <ClInclude Include="BaseScene.h">
      <Filter>ソースコード\Scene</Filter>
    </ClInclude>
    <ClInclude Include="BatteryGimmick.h">
      <Filter>ソースコード\Actor\Gimmick</Filter>
    </ClInclude>
    <ClInclude Include="BatteryCannon.h">
      <Filter>ソースコード\Actor\Gimmick</Filter>
    </ClInclude>
    <ClInclude Include="Billboard.h">
      <Filter>ソースコード\Parts\3D</Filter>
    </ClInclude>
    <ClInclude Include="BackGround.h">
      <Filter>ソースコード\Actor\Object\2D</Filter>
    </ClInclude>
    <ClInclude Include="BackImage.h">
      <Filter>ソースコード\Actor\Object\2D</Filter>
    </ClInclude>
    <ClInclude Include="Button.h">
      <Filter>ソースコード\UI\Button</Filter>
    </ClInclude>
    <ClInclude Include="Canvas.h">
      <Filter>ソースコード\UI</Filter>
    </ClInclude>
    <ClInclude Include="CharacterFactory.h">
      <Filter>ソースコード\System\Factory</Filter>
    </ClInclude>
    <ClInclude Include="Collision.h">
      <Filter>ソースコード\System\Collision</Filter>
    </ClInclude>
    <ClInclude Include="CollisionManager.h">
      <Filter>ソースコード\System\Manager</Filter>
    </ClInclude>
    <ClInclude Include="DirectionalLight.h">
      <Filter>ソースコード\Actor\Staff</Filter>
    </ClInclude>
    <ClInclude Include="Element.h">
      <Filter>ソースコード\Actor\Object\3D</Filter>
    </ClInclude>
    <ClInclude Include="Fade.h">
      <Filter>ソースコード\Actor\Object\2D</Filter>
    </ClInclude>
    <ClInclude Include="Enemy.h">
      <Filter>ソースコード\Actor\Character\EnemySide</Filter>
    </ClInclude>
    <ClInclude Include="Fairy.h">
      <Filter>ソースコード\Actor\Character\PlayerSide</Filter>
    </ClInclude>
    <ClInclude Include="Field.h">
      <Filter>ソースコード\Actor\Object\3D</Filter>
    </ClInclude>
    <ClInclude Include="IceGimmick.h">
      <Filter>ソースコード\Actor\Gimmick</Filter>
    </ClInclude>
    <ClInclude Include="FireGimmick.h">
      <Filter>ソースコード\Actor\Gimmick</Filter>
    </ClInclude>
    <ClInclude Include="FlexibleCamera.h">
      <Filter>ソースコード\Actor\Staff</Filter>
    </ClInclude>
    <ClInclude Include="GameClear.h">
      <Filter>ソースコード\Scene</Filter>
    </ClInclude>
    <ClInclude Include="GameOver.h">
      <Filter>ソースコード\Scene</Filter>
    </ClInclude>
    <ClInclude Include="GameObject.h">
      <Filter>ソースコード\Parts</Filter>
    </ClInclude>
    <ClInclude Include="GameScene.h">
      <Filter>ソースコード\Scene</Filter>
    </ClInclude>
    <ClInclude Include="GamePad.h">
      <Filter>ソースコード\System\Input</Filter>
    </ClInclude>
    <ClInclude Include="GimmickFactory.h">
      <Filter>ソースコード\System\Factory</Filter>
    </ClInclude>
    <ClInclude Include="Goal.h">
      <Filter>ソースコード\Actor\Object\3D</Filter>
    </ClInclude>
    <ClInclude Include="Ground.h">
      <Filter>ソースコード\Actor\Object\3D</Filter>
    </ClInclude>
    <ClInclude Include="Bullet.h">
      <Filter>ソースコード\Actor\Skill</Filter>
    </ClInclude>
    <ClInclude Include="Grenade.h">
      <Filter>ソースコード\Actor\Skill</Filter>
    </ClInclude>
    <ClInclude Include="Heart.h">
      <Filter>ソースコード\UI\Icon</Filter>
    </ClInclude>
    <ClInclude Include="InputManager.h">
      <Filter>ソースコード\System\Manager</Filter>
    </ClInclude>
    <ClInclude Include="Keyboard.h">
      <Filter>ソースコード\System\Input</Filter>
    </ClInclude>
    <ClInclude Include="Mouse.h">
      <Filter>ソースコード\System\Input</Filter>
    </ClInclude>
    <ClInclude Include="ModelManager.h">
      <Filter>ソースコード\System\Manager</Filter>
    </ClInclude>
    <ClInclude Include="Model.h">
      <Filter>ソースコード\Parts\3D</Filter>
    </ClInclude>
    <ClInclude Include="OBB.h">
      <Filter>ソースコード\System\Collision</Filter>
    </ClInclude>
    <ClInclude Include="ObjectFactory.h">
      <Filter>ソースコード\System\Factory</Filter>
    </ClInclude>
    <ClInclude Include="SceneManager.h">
      <Filter>ソースコード\System\Manager</Filter>
    </ClInclude>
    <ClInclude Include="SoundManager.h">
      <Filter>ソースコード\System\Manager</Filter>
    </ClInclude>
    <ClInclude Include="Player.h">
      <Filter>ソースコード\Actor\Character\PlayerSide</Filter>
    </ClInclude>
    <ClInclude Include="Sphere.h">
      <Filter>ソースコード\System\Collision</Filter>
    </ClInclude>
    <ClInclude Include="TrainingScene.h">
      <Filter>ソースコード\Scene</Filter>
    </ClInclude>
    <ClInclude Include="Title.h">
      <Filter>ソースコード\Scene</Filter>
    </ClInclude>
    <ClInclude Include="TextureManager.h">
      <Filter>ソースコード\System\Manager</Filter>
    </ClInclude>
    <ClInclude Include="WordManager.h">
      <Filter>ソースコード\System\Manager</Filter>
    </ClInclude>
    <ClInclude Include="SkillFactory.h">
      <Filter>ソースコード\System\Factory</Filter>
    </ClInclude>
    <ClInclude Include="WordMenu.h">
      <Filter>ソースコード\UI\Menu</Filter>
    </ClInclude>
    <ClInclude Include="Resource.h">
      <Filter>リソース</Filter>
    </ClInclude>
    <ClInclude Include="SelectMarker.h">
      <Filter>ソースコード\UI\Icon</Filter>
    </ClInclude>
    <ClInclude Include="SelectScene.h">
      <Filter>ソースコード\Scene</Filter>
    </ClInclude>
    <ClInclude Include="SideViewCamera.h">
      <Filter>ソースコード\Actor\Staff</Filter>
    </ClInclude>
    <ClInclude Include="Skill.h">
      <Filter>ソースコード\Actor\Skill</Filter>
    </ClInclude>
    <ClInclude Include="SkillBox.h">
      <Filter>ソースコード\UI\Icon</Filter>
    </ClInclude>
    <ClInclude Include="Sprite.h">
      <Filter>ソースコード\Parts\2D</Filter>
    </ClInclude>
    <ClInclude Include="SquareGauge.h">
      <Filter>ソースコード\UI\Gauge</Filter>
    </ClInclude>
    <ClInclude Include="StartButton.h">
      <Filter>ソースコード\UI\Button</Filter>
    </ClInclude>
    <ClInclude Include="Timer.h">
      <Filter>ソースコード\UI\Gauge</Filter>
    </ClInclude>
    <ClInclude Include="WavController.h">
      <Filter>ソースコード\System\Sound</Filter>
    </ClInclude>
    <ClInclude Include="TrainingButton.h">
      <Filter>ソースコード\UI\Button</Filter>
    </ClInclude>
    <ClInclude Include="WordPlate.h">
      <Filter>ソースコード\UI\Icon</Filter>
    </ClInclude>
    <ClInclude Include="WoodGimmick.h">
      <Filter>ソースコード\Actor\Gimmick</Filter>
    </ClInclude>
    <ClInclude Include="Trap.h">
      <Filter>ソースコード\Actor\Skill</Filter>
    </ClInclude>
    <ClInclude Include="Wall.h">
      <Filter>ソースコード\Actor\Skill</Filter>
    </ClInclude>
    <ClInclude Include="WordList.h">
      <Filter>ソースコード\UI\Menu</Filter>
    </ClInclude>
    <ClInclude Include="Transform.h">
      <Filter>ソースコード\Parts\3D</Filter>
    </ClInclude>
    <ClInclude Include="FileParameter.h">
      <Filter>ソースコード\System\Parameter</Filter>
    </ClInclude>
    <ClInclude Include="SoundParameter.h">
      <Filter>ソースコード\System\Parameter</Filter>
    </ClInclude>
    <ClInclude Include="Texture.h">
      <Filter>ソースコード\Parts\2D</Filter>
    </ClInclude>
    <ClInclude Include="ShaderManager.h">
      <Filter>ソースコード\System\Manager</Filter>
    </ClInclude>
    <ClInclude Include="Shader.h">
      <Filter>ソースコード\System\Shader</Filter>
    </ClInclude>
    <ClInclude Include="StageButton.h">
      <Filter>ソースコード\UI\Button</Filter>
    </ClInclude>
  </ItemGroup>
  <ItemGroup>
    <Filter Include="ソースコード">
      <UniqueIdentifier>{8a968979-447c-4637-ac09-d2ed8723313f}</UniqueIdentifier>
    </Filter>
    <Filter Include="ソースコード\Actor">
      <UniqueIdentifier>{6953230c-7f9a-4bf5-8eee-4db50192b47c}</UniqueIdentifier>
    </Filter>
    <Filter Include="ソースコード\System">
      <UniqueIdentifier>{89eb640c-63b9-459a-aa10-7ab9fdf90802}</UniqueIdentifier>
    </Filter>
    <Filter Include="ソースコード\Actor\Character">
      <UniqueIdentifier>{875dc296-40d9-4e65-b59c-a256b38f4b45}</UniqueIdentifier>
    </Filter>
    <Filter Include="ソースコード\Actor\Object">
      <UniqueIdentifier>{e852c245-76e3-473e-b9f6-d1673179251d}</UniqueIdentifier>
    </Filter>
    <Filter Include="ソースコード\Actor\Staff">
      <UniqueIdentifier>{583114f0-e081-4322-aa06-08a2f607d248}</UniqueIdentifier>
    </Filter>
    <Filter Include="ソースコード\System\Input">
      <UniqueIdentifier>{d098c6a9-e3a8-4d39-86ac-2f7ea0042548}</UniqueIdentifier>
    </Filter>
    <Filter Include="ソースコード\System\Manager">
      <UniqueIdentifier>{80cba528-c8c3-43c5-be3b-754176ea7b23}</UniqueIdentifier>
    </Filter>
    <Filter Include="ソースコード\Parts">
      <UniqueIdentifier>{746594d9-bdfe-4558-9e22-c9074268eebe}</UniqueIdentifier>
    </Filter>
    <Filter Include="ソースコード\Parts\2D">
      <UniqueIdentifier>{97f212b2-a526-48dd-bb20-d4d49d85ef5d}</UniqueIdentifier>
    </Filter>
    <Filter Include="ソースコード\Parts\3D">
      <UniqueIdentifier>{12dc23ec-04de-41fb-b77c-028781caa2d8}</UniqueIdentifier>
    </Filter>
    <Filter Include="ソースコード\Scene">
      <UniqueIdentifier>{52c51b87-75db-4aa3-89e5-c67fc2f952a8}</UniqueIdentifier>
    </Filter>
    <Filter Include="ソースコード\Actor\Gimmick">
      <UniqueIdentifier>{09e7e138-4128-43ae-ae81-b9fce9c56af5}</UniqueIdentifier>
    </Filter>
    <Filter Include="ソースコード\Actor\Object\2D">
      <UniqueIdentifier>{650cc3ee-13b9-4407-9136-0ed48aa08b9a}</UniqueIdentifier>
    </Filter>
    <Filter Include="ソースコード\Actor\Object\3D">
      <UniqueIdentifier>{bdbd4522-96ff-444b-a1b2-56958902dfed}</UniqueIdentifier>
    </Filter>
    <Filter Include="ソースコード\UI">
      <UniqueIdentifier>{792a2e91-b200-4ad6-a5e8-86b7495ca47a}</UniqueIdentifier>
    </Filter>
    <Filter Include="ソースコード\UI\Button">
      <UniqueIdentifier>{1125c6aa-f6eb-4c56-b29c-9082cdb03202}</UniqueIdentifier>
    </Filter>
    <Filter Include="ソースコード\System\Factory">
      <UniqueIdentifier>{2a343c9e-a6aa-41cc-bcaf-4193599d8459}</UniqueIdentifier>
    </Filter>
    <Filter Include="ソースコード\System\Collision">
      <UniqueIdentifier>{e4e4275b-9f09-4e36-a32f-5e533790763d}</UniqueIdentifier>
    </Filter>
    <Filter Include="ソースコード\Actor\Character\PlayerSide">
      <UniqueIdentifier>{fdf41ac8-33ef-4392-a384-cf67734ca1ed}</UniqueIdentifier>
    </Filter>
    <Filter Include="ソースコード\Actor\Character\EnemySide">
      <UniqueIdentifier>{3f9ddcdb-ce00-49ae-8071-6835953d7461}</UniqueIdentifier>
    </Filter>
    <Filter Include="リソース">
      <UniqueIdentifier>{6eb0f090-c0f9-483c-8282-f84d0b103e97}</UniqueIdentifier>
    </Filter>
    <Filter Include="ソースコード\Actor\Skill">
      <UniqueIdentifier>{a637fad6-0ff1-4d4e-b83e-3e1b53cf6ab8}</UniqueIdentifier>
    </Filter>
    <Filter Include="ソースコード\UI\Icon">
      <UniqueIdentifier>{fbc620b8-09d0-4db4-a613-b312f3ce4698}</UniqueIdentifier>
    </Filter>
    <Filter Include="ソースコード\UI\Gauge">
      <UniqueIdentifier>{a305ca3a-8880-4eae-930a-b5e7a2af5b8f}</UniqueIdentifier>
    </Filter>
    <Filter Include="ソースコード\UI\Menu">
      <UniqueIdentifier>{60f4378c-15b5-4ed5-8247-8ca60691fea1}</UniqueIdentifier>
    </Filter>
    <Filter Include="ソースコード\System\Sound">
      <UniqueIdentifier>{9ddacdd8-593a-4dca-8c05-c73d740015d7}</UniqueIdentifier>
    </Filter>
    <Filter Include="ソースコード\System\Parameter">
      <UniqueIdentifier>{0db597a0-282e-4dc2-a2b7-362c31e9754b}</UniqueIdentifier>
    </Filter>
    <Filter Include="ソースコード\System\Shader">
      <UniqueIdentifier>{df7cd741-75d6-448f-8110-2831c6512da6}</UniqueIdentifier>
    </Filter>
  </ItemGroup>
  <ItemGroup>
    <None Include="FairyAndI.APS">
      <Filter>リソース</Filter>
    </None>
  </ItemGroup>
  <ItemGroup>
    <ResourceCompile Include="FairyAndI.rc">
      <Filter>リソース</Filter>
    </ResourceCompile>
  </ItemGroup>
  <ItemGroup>
    <FxCompile Include="Data\GameScene\Shader\Model.fx">
      <Filter>ソースコード\System\Shader</Filter>
    </FxCompile>
    <FxCompile Include="Data\GameScene\Shader\Sprite.fx">
      <Filter>ソースコード\System\Shader</Filter>
    </FxCompile>
    <FxCompile Include="Data\GameScene\Shader\Gray.fx">
      <Filter>ソースコード\System\Shader</Filter>
    </FxCompile>
  </ItemGroup>
  <ItemGroup>
    <Image Include="Data\Resource\Application.ico">
      <Filter>リソース</Filter>
    </Image>
    <Image Include="Data\Resource\Application_small.ico">
      <Filter>リソース</Filter>
    </Image>
  </ItemGroup>
</Project>